
Microsoft Visual Studio Solution File, Format Version 12.00
# Visual Studio Version 17
VisualStudioVersion = 17.0.31903.59
MinimumVisualStudioVersion = 10.0.40219.1
Project("{2150E333-8FDC-42A3-9474-1A3956D46DE8}") = "src", "src", "{00C0E77F-5163-4ED6-BC2C-75373A50D31C}"
EndProject
Project("{9A19103F-16F7-4668-BE54-9A1E7A4F7556}") = "DoIt.Api", "src\DoIt.Api\DoIt.Api.csproj", "{2896439C-7BCD-47B2-90D3-CD857D843FA7}"
EndProject
Project("{2150E333-8FDC-42A3-9474-1A3956D46DE8}") = "tests", "tests", "{792F18E8-9C8D-4A8E-91BB-05897BCFE5B8}"
EndProject
Project("{9A19103F-16F7-4668-BE54-9A1E7A4F7556}") = "DoIt.Api.Integration.Tests", "tests\DoIt.Api.Integration.Tests\DoIt.Api.Integration.Tests.csproj", "{54F8A25C-2890-4264-BF7E-0487CD241F21}"
EndProject
Project("{9A19103F-16F7-4668-BE54-9A1E7A4F7556}") = "DoIt.Api.Unit.Tests", "tests\DoIt.Api.Unit.Tests\DoIt.Api.Unit.Tests.csproj", "{15B2BF56-5C7F-4EA6-B140-F9367B9B7F7E}"
EndProject
Project("{2150E333-8FDC-42A3-9474-1A3956D46DE8}") = "Solution Items", "Solution Items", "{060A65CE-A2DB-45A1-87AE-61000AD7D757}"
	ProjectSection(SolutionItems) = preProject
		docker-compose.yaml = docker-compose.yaml
		Dockerfile = Dockerfile
		infrastructure.yaml = infrastructure.yaml
	EndProjectSection
EndProject
Project("{2150E333-8FDC-42A3-9474-1A3956D46DE8}") = "requests", "requests", "{284A4436-E344-458C-901B-565A7AD6A281}"
EndProject
Project("{2150E333-8FDC-42A3-9474-1A3956D46DE8}") = "app", "app", "{13F0D23E-7474-41D3-B961-D3C4BCD6111D}"
	ProjectSection(SolutionItems) = preProject
		requests\app\get.http = requests\app\get.http
	EndProjectSection
EndProject
Project("{9A19103F-16F7-4668-BE54-9A1E7A4F7556}") = "DoIt.Api.TestUtils", "tests\DoIt.Api.TestUtils\DoIt.Api.TestUtils.csproj", "{6FCD7EF2-6AC4-4DD7-83B0-FA4BC6CCAA44}"
EndProject
Project("{2150E333-8FDC-42A3-9474-1A3956D46DE8}") = "tasks", "tasks", "{D7AB204F-1A95-4E96-8003-256C9AFD9D8D}"
	ProjectSection(SolutionItems) = preProject
		requests\tasks\create.http = requests\tasks\create.http
		requests\tasks\get.http = requests\tasks\get.http
	EndProjectSection
EndProject
Global
	GlobalSection(SolutionConfigurationPlatforms) = preSolution
		Debug|Any CPU = Debug|Any CPU
		Release|Any CPU = Release|Any CPU
	EndGlobalSection
	GlobalSection(ProjectConfigurationPlatforms) = postSolution
		{2896439C-7BCD-47B2-90D3-CD857D843FA7}.Debug|Any CPU.ActiveCfg = Debug|Any CPU
		{2896439C-7BCD-47B2-90D3-CD857D843FA7}.Debug|Any CPU.Build.0 = Debug|Any CPU
		{2896439C-7BCD-47B2-90D3-CD857D843FA7}.Release|Any CPU.ActiveCfg = Release|Any CPU
		{2896439C-7BCD-47B2-90D3-CD857D843FA7}.Release|Any CPU.Build.0 = Release|Any CPU
		{54F8A25C-2890-4264-BF7E-0487CD241F21}.Debug|Any CPU.ActiveCfg = Debug|Any CPU
		{54F8A25C-2890-4264-BF7E-0487CD241F21}.Debug|Any CPU.Build.0 = Debug|Any CPU
		{54F8A25C-2890-4264-BF7E-0487CD241F21}.Release|Any CPU.ActiveCfg = Release|Any CPU
		{54F8A25C-2890-4264-BF7E-0487CD241F21}.Release|Any CPU.Build.0 = Release|Any CPU
		{15B2BF56-5C7F-4EA6-B140-F9367B9B7F7E}.Debug|Any CPU.ActiveCfg = Debug|Any CPU
		{15B2BF56-5C7F-4EA6-B140-F9367B9B7F7E}.Debug|Any CPU.Build.0 = Debug|Any CPU
		{15B2BF56-5C7F-4EA6-B140-F9367B9B7F7E}.Release|Any CPU.ActiveCfg = Release|Any CPU
		{15B2BF56-5C7F-4EA6-B140-F9367B9B7F7E}.Release|Any CPU.Build.0 = Release|Any CPU
		{6FCD7EF2-6AC4-4DD7-83B0-FA4BC6CCAA44}.Debug|Any CPU.ActiveCfg = Debug|Any CPU
		{6FCD7EF2-6AC4-4DD7-83B0-FA4BC6CCAA44}.Debug|Any CPU.Build.0 = Debug|Any CPU
		{6FCD7EF2-6AC4-4DD7-83B0-FA4BC6CCAA44}.Release|Any CPU.ActiveCfg = Release|Any CPU
		{6FCD7EF2-6AC4-4DD7-83B0-FA4BC6CCAA44}.Release|Any CPU.Build.0 = Release|Any CPU
	EndGlobalSection
	GlobalSection(SolutionProperties) = preSolution
		HideSolutionNode = FALSE
	EndGlobalSection
	GlobalSection(NestedProjects) = preSolution
		{2896439C-7BCD-47B2-90D3-CD857D843FA7} = {00C0E77F-5163-4ED6-BC2C-75373A50D31C}
		{54F8A25C-2890-4264-BF7E-0487CD241F21} = {792F18E8-9C8D-4A8E-91BB-05897BCFE5B8}
		{15B2BF56-5C7F-4EA6-B140-F9367B9B7F7E} = {792F18E8-9C8D-4A8E-91BB-05897BCFE5B8}
		{13F0D23E-7474-41D3-B961-D3C4BCD6111D} = {284A4436-E344-458C-901B-565A7AD6A281}
		{6FCD7EF2-6AC4-4DD7-83B0-FA4BC6CCAA44} = {792F18E8-9C8D-4A8E-91BB-05897BCFE5B8}
		{D7AB204F-1A95-4E96-8003-256C9AFD9D8D} = {284A4436-E344-458C-901B-565A7AD6A281}
	EndGlobalSection
	GlobalSection(ExtensibilityGlobals) = postSolution
		SolutionGuid = {F6778ABD-6605-4432-8CF3-9FB3C5600B19}
	EndGlobalSection
EndGlobal
